// !$*UTF8*$!
{
	archiveVersion = 1;
	classes = {
	};
	objectVersion = 77;
	objects = {

/* Begin PBXBuildFile section */
		2AA0616E2DCFA4CF00BE5222 /* README.md in Resources */ = {isa = PBXBuildFile; fileRef = 2AA0616D2DCFA4C800BE5222 /* README.md */; };
		2AA061702DCFA61F00BE5222 /* .gitignore in Resources */ = {isa = PBXBuildFile; fileRef = 2AA0616F2DCFA61F00BE5222 /* .gitignore */; };
/* End PBXBuildFile section */

/* Begin PBXContainerItemProxy section */
		2A5EB2642DCF9F5600C34037 /* PBXContainerItemProxy */ = {
			isa = PBXContainerItemProxy;
			containerPortal = 2A5EB24D2DCF9F5400C34037 /* Project object */;
			proxyType = 1;
			remoteGlobalIDString = 2A5EB2542DCF9F5400C34037;
			remoteInfo = "SwiftUI-DemoApp";
		};
		2A5EB26E2DCF9F5600C34037 /* PBXContainerItemProxy */ = {
			isa = PBXContainerItemProxy;
			containerPortal = 2A5EB24D2DCF9F5400C34037 /* Project object */;
			proxyType = 1;
			remoteGlobalIDString = 2A5EB2542DCF9F5400C34037;
			remoteInfo = "SwiftUI-DemoApp";
		};
/* End PBXContainerItemProxy section */

/* Begin PBXFileReference section */
		2A5EB2552DCF9F5500C34037 /* SwiftUI-DemoApp.app */ = {isa = PBXFileReference; explicitFileType = wrapper.application; includeInIndex = 0; path = "SwiftUI-DemoApp.app"; sourceTree = BUILT_PRODUCTS_DIR; };
		2A5EB2632DCF9F5600C34037 /* SwiftUI-DemoAppTests.xctest */ = {isa = PBXFileReference; explicitFileType = wrapper.cfbundle; includeInIndex = 0; path = "SwiftUI-DemoAppTests.xctest"; sourceTree = BUILT_PRODUCTS_DIR; };
		2A5EB26D2DCF9F5600C34037 /* SwiftUI-DemoAppUITests.xctest */ = {isa = PBXFileReference; explicitFileType = wrapper.cfbundle; includeInIndex = 0; path = "SwiftUI-DemoAppUITests.xctest"; sourceTree = BUILT_PRODUCTS_DIR; };
		2AA0616D2DCFA4C800BE5222 /* README.md */ = {isa = PBXFileReference; lastKnownFileType = net.daringfireball.markdown; path = README.md; sourceTree = "<group>"; };
		2AA0616F2DCFA61F00BE5222 /* .gitignore */ = {isa = PBXFileReference; lastKnownFileType = text; path = .gitignore; sourceTree = "<group>"; };
/* End PBXFileReference section */

/* Begin PBXFileSystemSynchronizedRootGroup section */
		2A5EB2572DCF9F5500C34037 /* SwiftUI-DemoApp */ = {
			isa = PBXFileSystemSynchronizedRootGroup;
			path = "SwiftUI-DemoApp";
			sourceTree = "<group>";
		};
		2A5EB2662DCF9F5600C34037 /* SwiftUI-DemoAppTests */ = {
			isa = PBXFileSystemSynchronizedRootGroup;
			path = "SwiftUI-DemoAppTests";
			sourceTree = "<group>";
		};
		2A5EB2702DCF9F5600C34037 /* SwiftUI-DemoAppUITests */ = {
			isa = PBXFileSystemSynchronizedRootGroup;
			path = "SwiftUI-DemoAppUITests";
			sourceTree = "<group>";
		};
/* End PBXFileSystemSynchronizedRootGroup section */

/* Begin PBXFrameworksBuildPhase section */
		2A5EB2522DCF9F5400C34037 /* Frameworks */ = {
			isa = PBXFrameworksBuildPhase;
			buildActionMask = 2147483647;
			files = (
			);
			runOnlyForDeploymentPostprocessing = 0;
		};
		2A5EB2602DCF9F5600C34037 /* Frameworks */ = {
			isa = PBXFrameworksBuildPhase;
			buildActionMask = 2147483647;
			files = (
			);
			runOnlyForDeploymentPostprocessing = 0;
		};
		2A5EB26A2DCF9F5600C34037 /* Frameworks */ = {
			isa = PBXFrameworksBuildPhase;
			buildActionMask = 2147483647;
			files = (
			);
			runOnlyForDeploymentPostprocessing = 0;
		};
/* End PBXFrameworksBuildPhase section */

/* Begin PBXGroup section */
		2A5EB24C2DCF9F5400C34037 = {
			isa = PBXGroup;
			children = (
				2AA0616F2DCFA61F00BE5222 /* .gitignore */,
				2AA0616D2DCFA4C800BE5222 /* README.md */,
				2A5EB2572DCF9F5500C34037 /* SwiftUI-DemoApp */,
				2A5EB2662DCF9F5600C34037 /* SwiftUI-DemoAppTests */,
				2A5EB2702DCF9F5600C34037 /* SwiftUI-DemoAppUITests */,
				2A5EB2562DCF9F5500C34037 /* Products */,
			);
			sourceTree = "<group>";
		};
		2A5EB2562DCF9F5500C34037 /* Products */ = {
			isa = PBXGroup;
			children = (
				2A5EB2552DCF9F5500C34037 /* SwiftUI-DemoApp.app */,
				2A5EB2632DCF9F5600C34037 /* SwiftUI-DemoAppTests.xctest */,
				2A5EB26D2DCF9F5600C34037 /* SwiftUI-DemoAppUITests.xctest */,
			);
			name = Products;
			sourceTree = "<group>";
		};
/* End PBXGroup section */

/* Begin PBXNativeTarget section */
		2A5EB2542DCF9F5400C34037 /* SwiftUI-DemoApp */ = {
			isa = PBXNativeTarget;
			buildConfigurationList = 2A5EB2772DCF9F5600C34037 /* Build configuration list for PBXNativeTarget "SwiftUI-DemoApp" */;
			buildPhases = (
				2A5EB2512DCF9F5400C34037 /* Sources */,
				2A5EB2522DCF9F5400C34037 /* Frameworks */,
				2A5EB2532DCF9F5400C34037 /* Resources */,
			);
			buildRules = (
			);
			dependencies = (
			);
			fileSystemSynchronizedGroups = (
				2A5EB2572DCF9F5500C34037 /* SwiftUI-DemoApp */,
			);
			name = "SwiftUI-DemoApp";
			packageProductDependencies = (
			);
			productName = "SwiftUI-DemoApp";
			productReference = 2A5EB2552DCF9F5500C34037 /* SwiftUI-DemoApp.app */;
			productType = "com.apple.product-type.application";
		};
		2A5EB2622DCF9F5600C34037 /* SwiftUI-DemoAppTests */ = {
			isa = PBXNativeTarget;
			buildConfigurationList = 2A5EB27A2DCF9F5600C34037 /* Build configuration list for PBXNativeTarget "SwiftUI-DemoAppTests" */;
			buildPhases = (
				2A5EB25F2DCF9F5600C34037 /* Sources */,
				2A5EB2602DCF9F5600C34037 /* Frameworks */,
				2A5EB2612DCF9F5600C34037 /* Resources */,
			);
			buildRules = (
			);
			dependencies = (
				2A5EB2652DCF9F5600C34037 /* PBXTargetDependency */,
			);
			fileSystemSynchronizedGroups = (
				2A5EB2662DCF9F5600C34037 /* SwiftUI-DemoAppTests */,
			);
			name = "SwiftUI-DemoAppTests";
			packageProductDependencies = (
			);
			productName = "SwiftUI-DemoAppTests";
			productReference = 2A5EB2632DCF9F5600C34037 /* SwiftUI-DemoAppTests.xctest */;
			productType = "com.apple.product-type.bundle.unit-test";
		};
		2A5EB26C2DCF9F5600C34037 /* SwiftUI-DemoAppUITests */ = {
			isa = PBXNativeTarget;
			buildConfigurationList = 2A5EB27D2DCF9F5600C34037 /* Build configuration list for PBXNativeTarget "SwiftUI-DemoAppUITests" */;
			buildPhases = (
				2A5EB2692DCF9F5600C34037 /* Sources */,
				2A5EB26A2DCF9F5600C34037 /* Frameworks */,
				2A5EB26B2DCF9F5600C34037 /* Resources */,
			);
			buildRules = (
			);
			dependencies = (
				2A5EB26F2DCF9F5600C34037 /* PBXTargetDependency */,
			);
			fileSystemSynchronizedGroups = (
				2A5EB2702DCF9F5600C34037 /* SwiftUI-DemoAppUITests */,
			);
			name = "SwiftUI-DemoAppUITests";
			packageProductDependencies = (
			);
			productName = "SwiftUI-DemoAppUITests";
			productReference = 2A5EB26D2DCF9F5600C34037 /* SwiftUI-DemoAppUITests.xctest */;
			productType = "com.apple.product-type.bundle.ui-testing";
		};
/* End PBXNativeTarget section */

/* Begin PBXProject section */
		2A5EB24D2DCF9F5400C34037 /* Project object */ = {
			isa = PBXProject;
			attributes = {
				BuildIndependentTargetsInParallel = 1;
				LastSwiftUpdateCheck = 1630;
				LastUpgradeCheck = 1630;
				TargetAttributes = {
					2A5EB2542DCF9F5400C34037 = {
						CreatedOnToolsVersion = 16.3;
					};
					2A5EB2622DCF9F5600C34037 = {
						CreatedOnToolsVersion = 16.3;
						TestTargetID = 2A5EB2542DCF9F5400C34037;
					};
					2A5EB26C2DCF9F5600C34037 = {
						CreatedOnToolsVersion = 16.3;
						TestTargetID = 2A5EB2542DCF9F5400C34037;
					};
				};
			};
			buildConfigurationList = 2A5EB2502DCF9F5400C34037 /* Build configuration list for PBXProject "SwiftUI-DemoApp" */;
			developmentRegion = en;
			hasScannedForEncodings = 0;
			knownRegions = (
				en,
				Base,
			);
			mainGroup = 2A5EB24C2DCF9F5400C34037;
			minimizedProjectReferenceProxies = 1;
			preferredProjectObjectVersion = 77;
			productRefGroup = 2A5EB2562DCF9F5500C34037 /* Products */;
			projectDirPath = "";
			projectRoot = "";
			targets = (
				2A5EB2542DCF9F5400C34037 /* SwiftUI-DemoApp */,
				2A5EB2622DCF9F5600C34037 /* SwiftUI-DemoAppTests */,
				2A5EB26C2DCF9F5600C34037 /* SwiftUI-DemoAppUITests */,
			);
		};
/* End PBXProject section */

/* Begin PBXResourcesBuildPhase section */
		2A5EB2532DCF9F5400C34037 /* Resources */ = {
			isa = PBXResourcesBuildPhase;
			buildActionMask = 2147483647;
			files = (
				2AA0616E2DCFA4CF00BE5222 /* README.md in Resources */,
				2AA061702DCFA61F00BE5222 /* .gitignore in Resources */,
			);
			runOnlyForDeploymentPostprocessing = 0;
		};
		2A5EB2612DCF9F5600C34037 /* Resources */ = {
			isa = PBXResourcesBuildPhase;
			buildActionMask = 2147483647;
			files = (
			);
			runOnlyForDeploymentPostprocessing = 0;
		};
		2A5EB26B2DCF9F5600C34037 /* Resources */ = {
			isa = PBXResourcesBuildPhase;
			buildActionMask = 2147483647;
			files = (
			);
			runOnlyForDeploymentPostprocessing = 0;
		};
/* End PBXResourcesBuildPhase section */

/* Begin PBXSourcesBuildPhase section */
		2A5EB2512DCF9F5400C34037 /* Sources */ = {
			isa = PBXSourcesBuildPhase;
			buildActionMask = 2147483647;
			files = (
			);
			runOnlyForDeploymentPostprocessing = 0;
		};
		2A5EB25F2DCF9F5600C34037 /* Sources */ = {
			isa = PBXSourcesBuildPhase;
			buildActionMask = 2147483647;
			files = (
			);
			runOnlyForDeploymentPostprocessing = 0;
		};
		2A5EB2692DCF9F5600C34037 /* Sources */ = {
			isa = PBXSourcesBuildPhase;
			buildActionMask = 2147483647;
			files = (
			);
			runOnlyForDeploymentPostprocessing = 0;
		};
/* End PBXSourcesBuildPhase section */

/* Begin PBXTargetDependency section */
		2A5EB2652DCF9F5600C34037 /* PBXTargetDependency */ = {
			isa = PBXTargetDependency;
			target = 2A5EB2542DCF9F5400C34037 /* SwiftUI-DemoApp */;
			targetProxy = 2A5EB2642DCF9F5600C34037 /* PBXContainerItemProxy */;
		};
		2A5EB26F2DCF9F5600C34037 /* PBXTargetDependency */ = {
			isa = PBXTargetDependency;
			target = 2A5EB2542DCF9F5400C34037 /* SwiftUI-DemoApp */;
			targetProxy = 2A5EB26E2DCF9F5600C34037 /* PBXContainerItemProxy */;
		};
/* End PBXTargetDependency section */

/* Begin XCBuildConfiguration section */
		2A5EB2752DCF9F5600C34037 /* Debug */ = {
			isa = XCBuildConfiguration;
			buildSettings = {
				ALWAYS_SEARCH_USER_PATHS = NO;
				ASSETCATALOG_COMPILER_GENERATE_SWIFT_ASSET_SYMBOL_EXTENSIONS = YES;
				CLANG_ANALYZER_NONNULL = YES;
				CLANG_ANALYZER_NUMBER_OBJECT_CONVERSION = YES_AGGRESSIVE;
				CLANG_CXX_LANGUAGE_STANDARD = "gnu++20";
				CLANG_ENABLE_MODULES = YES;
				CLANG_ENABLE_OBJC_ARC = YES;
				CLANG_ENABLE_OBJC_WEAK = YES;
				CLANG_WARN_BLOCK_CAPTURE_AUTORELEASING = YES;
				CLANG_WARN_BOOL_CONVERSION = YES;
				CLANG_WARN_COMMA = YES;
				CLANG_WARN_CONSTANT_CONVERSION = YES;
				CLANG_WARN_DEPRECATED_OBJC_IMPLEMENTATIONS = YES;
				CLANG_WARN_DIRECT_OBJC_ISA_USAGE = YES_ERROR;
				CLANG_WARN_DOCUMENTATION_COMMENTS = YES;
				CLANG_WARN_EMPTY_BODY = YES;
				CLANG_WARN_ENUM_CONVERSION = YES;
				CLANG_WARN_INFINITE_RECURSION = YES;
				CLANG_WARN_INT_CONVERSION = YES;
				CLANG_WARN_NON_LITERAL_NULL_CONVERSION = YES;
				CLANG_WARN_OBJC_IMPLICIT_RETAIN_SELF = YES;
				CLANG_WARN_OBJC_LITERAL_CONVERSION = YES;
				CLANG_WARN_OBJC_ROOT_CLASS = YES_ERROR;
				CLANG_WARN_QUOTED_INCLUDE_IN_FRAMEWORK_HEADER = YES;
				CLANG_WARN_RANGE_LOOP_ANALYSIS = YES;
				CLANG_WARN_STRICT_PROTOTYPES = YES;
				CLANG_WARN_SUSPICIOUS_MOVE = YES;
				CLANG_WARN_UNGUARDED_AVAILABILITY = YES_AGGRESSIVE;
				CLANG_WARN_UNREACHABLE_CODE = YES;
				CLANG_WARN__DUPLICATE_METHOD_MATCH = YES;
				COPY_PHASE_STRIP = NO;
				DEBUG_INFORMATION_FORMAT = dwarf;
				ENABLE_STRICT_OBJC_MSGSEND = YES;
				ENABLE_TESTABILITY = YES;
				ENABLE_USER_SCRIPT_SANDBOXING = YES;
				GCC_C_LANGUAGE_STANDARD = gnu17;
				GCC_DYNAMIC_NO_PIC = NO;
				GCC_NO_COMMON_BLOCKS = YES;
				GCC_OPTIMIZATION_LEVEL = 0;
				GCC_PREPROCESSOR_DEFINITIONS = (
					"DEBUG=1",
					"$(inherited)",
				);
				GCC_WARN_64_TO_32_BIT_CONVERSION = YES;
				GCC_WARN_ABOUT_RETURN_TYPE = YES_ERROR;
				GCC_WARN_UNDECLARED_SELECTOR = YES;
				GCC_WARN_UNINITIALIZED_AUTOS = YES_AGGRESSIVE;
				GCC_WARN_UNUSED_FUNCTION = YES;
				GCC_WARN_UNUSED_VARIABLE = YES;
				LOCALIZATION_PREFERS_STRING_CATALOGS = YES;
				MTL_ENABLE_DEBUG_INFO = INCLUDE_SOURCE;
				MTL_FAST_MATH = YES;
				ONLY_ACTIVE_ARCH = YES;
				SWIFT_ACTIVE_COMPILATION_CONDITIONS = "DEBUG $(inherited)";
				SWIFT_OPTIMIZATION_LEVEL = "-Onone";
			};
			name = Debug;
		};
		2A5EB2762DCF9F5600C34037 /* Release */ = {
			isa = XCBuildConfiguration;
			buildSettings = {
				ALWAYS_SEARCH_USER_PATHS = NO;
				ASSETCATALOG_COMPILER_GENERATE_SWIFT_ASSET_SYMBOL_EXTENSIONS = YES;
				CLANG_ANALYZER_NONNULL = YES;
				CLANG_ANALYZER_NUMBER_OBJECT_CONVERSION = YES_AGGRESSIVE;
				CLANG_CXX_LANGUAGE_STANDARD = "gnu++20";
				CLANG_ENABLE_MODULES = YES;
				CLANG_ENABLE_OBJC_ARC = YES;
				CLANG_ENABLE_OBJC_WEAK = YES;
				CLANG_WARN_BLOCK_CAPTURE_AUTORELEASING = YES;
				CLANG_WARN_BOOL_CONVERSION = YES;
				CLANG_WARN_COMMA = YES;
				CLANG_WARN_CONSTANT_CONVERSION = YES;
				CLANG_WARN_DEPRECATED_OBJC_IMPLEMENTATIONS = YES;
				CLANG_WARN_DIRECT_OBJC_ISA_USAGE = YES_ERROR;
				CLANG_WARN_DOCUMENTATION_COMMENTS = YES;
				CLANG_WARN_EMPTY_BODY = YES;
				CLANG_WARN_ENUM_CONVERSION = YES;
				CLANG_WARN_INFINITE_RECURSION = YES;
				CLANG_WARN_INT_CONVERSION = YES;
				CLANG_WARN_NON_LITERAL_NULL_CONVERSION = YES;
				CLANG_WARN_OBJC_IMPLICIT_RETAIN_SELF = YES;
				CLANG_WARN_OBJC_LITERAL_CONVERSION = YES;
				CLANG_WARN_OBJC_ROOT_CLASS = YES_ERROR;
				CLANG_WARN_QUOTED_INCLUDE_IN_FRAMEWORK_HEADER = YES;
				CLANG_WARN_RANGE_LOOP_ANALYSIS = YES;
				CLANG_WARN_STRICT_PROTOTYPES = YES;
				CLANG_WARN_SUSPICIOUS_MOVE = YES;
				CLANG_WARN_UNGUARDED_AVAILABILITY = YES_AGGRESSIVE;
				CLANG_WARN_UNREACHABLE_CODE = YES;
				CLANG_WARN__DUPLICATE_METHOD_MATCH = YES;
				COPY_PHASE_STRIP = NO;
				DEBUG_INFORMATION_FORMAT = "dwarf-with-dsym";
				ENABLE_NS_ASSERTIONS = NO;
				ENABLE_STRICT_OBJC_MSGSEND = YES;
				ENABLE_USER_SCRIPT_SANDBOXING = YES;
				GCC_C_LANGUAGE_STANDARD = gnu17;
				GCC_NO_COMMON_BLOCKS = YES;
				GCC_WARN_64_TO_32_BIT_CONVERSION = YES;
				GCC_WARN_ABOUT_RETURN_TYPE = YES_ERROR;
				GCC_WARN_UNDECLARED_SELECTOR = YES;
				GCC_WARN_UNINITIALIZED_AUTOS = YES_AGGRESSIVE;
				GCC_WARN_UNUSED_FUNCTION = YES;
				GCC_WARN_UNUSED_VARIABLE = YES;
				LOCALIZATION_PREFERS_STRING_CATALOGS = YES;
				MTL_ENABLE_DEBUG_INFO = NO;
				MTL_FAST_MATH = YES;
				SWIFT_COMPILATION_MODE = wholemodule;
			};
			name = Release;
		};
		2A5EB2782DCF9F5600C34037 /* Debug */ = {
			isa = XCBuildConfiguration;
			buildSettings = {
				ASSETCATALOG_COMPILER_APPICON_NAME = AppIcon;
				ASSETCATALOG_COMPILER_GLOBAL_ACCENT_COLOR_NAME = AccentColor;
				CODE_SIGN_ENTITLEMENTS = "SwiftUI-DemoApp/SwiftUI_DemoApp.entitlements";
				CODE_SIGN_STYLE = Automatic;
				CURRENT_PROJECT_VERSION = 1;
				ENABLE_PREVIEWS = YES;
				GENERATE_INFOPLIST_FILE = YES;
				"INFOPLIST_KEY_UIApplicationSceneManifest_Generation[sdk=iphoneos*]" = YES;
				"INFOPLIST_KEY_UIApplicationSceneManifest_Generation[sdk=iphonesimulator*]" = YES;
				"INFOPLIST_KEY_UIApplicationSupportsIndirectInputEvents[sdk=iphoneos*]" = YES;
				"INFOPLIST_KEY_UIApplicationSupportsIndirectInputEvents[sdk=iphonesimulator*]" = YES;
				"INFOPLIST_KEY_UILaunchScreen_Generation[sdk=iphoneos*]" = YES;
				"INFOPLIST_KEY_UILaunchScreen_Generation[sdk=iphonesimulator*]" = YES;
				"INFOPLIST_KEY_UIStatusBarStyle[sdk=iphoneos*]" = UIStatusBarStyleDefault;
				"INFOPLIST_KEY_UIStatusBarStyle[sdk=iphonesimulator*]" = UIStatusBarStyleDefault;
				INFOPLIST_KEY_UISupportedInterfaceOrientations_iPad = "UIInterfaceOrientationPortrait UIInterfaceOrientationPortraitUpsideDown UIInterfaceOrientationLandscapeLeft UIInterfaceOrientationLandscapeRight";
				INFOPLIST_KEY_UISupportedInterfaceOrientations_iPhone = "UIInterfaceOrientationPortrait UIInterfaceOrientationLandscapeLeft UIInterfaceOrientationLandscapeRight";
				IPHONEOS_DEPLOYMENT_TARGET = 18.4;
				LD_RUNPATH_SEARCH_PATHS = "@executable_path/Frameworks";
				"LD_RUNPATH_SEARCH_PATHS[sdk=macosx*]" = "@executable_path/../Frameworks";
				MACOSX_DEPLOYMENT_TARGET = 15.3;
				MARKETING_VERSION = 1.0;
				PRODUCT_BUNDLE_IDENTIFIER = "szymi.SwiftUI-DemoApp";
				PRODUCT_NAME = "$(TARGET_NAME)";
				REGISTER_APP_GROUPS = YES;
				SDKROOT = auto;
				SUPPORTED_PLATFORMS = "iphoneos iphonesimulator macosx xros xrsimulator";
				SWIFT_EMIT_LOC_STRINGS = YES;
				SWIFT_VERSION = 5.0;
				TARGETED_DEVICE_FAMILY = "1,2,7";
				XROS_DEPLOYMENT_TARGET = 2.4;
			};
			name = Debug;
		};
		2A5EB2792DCF9F5600C34037 /* Release */ = {
			isa = XCBuildConfiguration;
			buildSettings = {
				ASSETCATALOG_COMPILER_APPICON_NAME = AppIcon;
				ASSETCATALOG_COMPILER_GLOBAL_ACCENT_COLOR_NAME = AccentColor;
				CODE_SIGN_ENTITLEMENTS = "SwiftUI-DemoApp/SwiftUI_DemoApp.entitlements";
				CODE_SIGN_STYLE = Automatic;
				CURRENT_PROJECT_VERSION = 1;
				ENABLE_PREVIEWS = YES;
				GENERATE_INFOPLIST_FILE = YES;
				"INFOPLIST_KEY_UIApplicationSceneManifest_Generation[sdk=iphoneos*]" = YES;
				"INFOPLIST_KEY_UIApplicationSceneManifest_Generation[sdk=iphonesimulator*]" = YES;
				"INFOPLIST_KEY_UIApplicationSupportsIndirectInputEvents[sdk=iphoneos*]" = YES;
				"INFOPLIST_KEY_UIApplicationSupportsIndirectInputEvents[sdk=iphonesimulator*]" = YES;
				"INFOPLIST_KEY_UILaunchScreen_Generation[sdk=iphoneos*]" = YES;
				"INFOPLIST_KEY_UILaunchScreen_Generation[sdk=iphonesimulator*]" = YES;
				"INFOPLIST_KEY_UIStatusBarStyle[sdk=iphoneos*]" = UIStatusBarStyleDefault;
				"INFOPLIST_KEY_UIStatusBarStyle[sdk=iphonesimulator*]" = UIStatusBarStyleDefault;
				INFOPLIST_KEY_UISupportedInterfaceOrientations_iPad = "UIInterfaceOrientationPortrait UIInterfaceOrientationPortraitUpsideDown UIInterfaceOrientationLandscapeLeft UIInterfaceOrientationLandscapeRight";
				INFOPLIST_KEY_UISupportedInterfaceOrientations_iPhone = "UIInterfaceOrientationPortrait UIInterfaceOrientationLandscapeLeft UIInterfaceOrientationLandscapeRight";
				IPHONEOS_DEPLOYMENT_TARGET = 18.4;
				LD_RUNPATH_SEARCH_PATHS = "@executable_path/Frameworks";
				"LD_RUNPATH_SEARCH_PATHS[sdk=macosx*]" = "@executable_path/../Frameworks";
				MACOSX_DEPLOYMENT_TARGET = 15.3;
				MARKETING_VERSION = 1.0;
				PRODUCT_BUNDLE_IDENTIFIER = "szymi.SwiftUI-DemoApp";
				PRODUCT_NAME = "$(TARGET_NAME)";
				REGISTER_APP_GROUPS = YES;
				SDKROOT = auto;
				SUPPORTED_PLATFORMS = "iphoneos iphonesimulator macosx xros xrsimulator";
				SWIFT_EMIT_LOC_STRINGS = YES;
				SWIFT_VERSION = 5.0;
				TARGETED_DEVICE_FAMILY = "1,2,7";
				XROS_DEPLOYMENT_TARGET = 2.4;
			};
			name = Release;
		};
		2A5EB27B2DCF9F5600C34037 /* Debug */ = {
			isa = XCBuildConfiguration;
			buildSettings = {
				BUNDLE_LOADER = "$(TEST_HOST)";
				CODE_SIGN_STYLE = Automatic;
				CURRENT_PROJECT_VERSION = 1;
				GENERATE_INFOPLIST_FILE = YES;
				IPHONEOS_DEPLOYMENT_TARGET = 18.4;
				MACOSX_DEPLOYMENT_TARGET = 15.3;
				MARKETING_VERSION = 1.0;
				PRODUCT_BUNDLE_IDENTIFIER = "szymi.SwiftUI-DemoAppTests";
				PRODUCT_NAME = "$(TARGET_NAME)";
				SDKROOT = auto;
				SUPPORTED_PLATFORMS = "iphoneos iphonesimulator macosx xros xrsimulator";
				SWIFT_EMIT_LOC_STRINGS = NO;
				SWIFT_VERSION = 5.0;
				TARGETED_DEVICE_FAMILY = "1,2,7";
				TEST_HOST = "$(BUILT_PRODUCTS_DIR)/SwiftUI-DemoApp.app/$(BUNDLE_EXECUTABLE_FOLDER_PATH)/SwiftUI-DemoApp";
				XROS_DEPLOYMENT_TARGET = 2.4;
			};
			name = Debug;
		};
		2A5EB27C2DCF9F5600C34037 /* Release */ = {
			isa = XCBuildConfiguration;
			buildSettings = {
				BUNDLE_LOADER = "$(TEST_HOST)";
				CODE_SIGN_STYLE = Automatic;
				CURRENT_PROJECT_VERSION = 1;
				GENERATE_INFOPLIST_FILE = YES;
				IPHONEOS_DEPLOYMENT_TARGET = 18.4;
				MACOSX_DEPLOYMENT_TARGET = 15.3;
				MARKETING_VERSION = 1.0;
				PRODUCT_BUNDLE_IDENTIFIER = "szymi.SwiftUI-DemoAppTests";
				PRODUCT_NAME = "$(TARGET_NAME)";
				SDKROOT = auto;
				SUPPORTED_PLATFORMS = "iphoneos iphonesimulator macosx xros xrsimulator";
				SWIFT_EMIT_LOC_STRINGS = NO;
				SWIFT_VERSION = 5.0;
				TARGETED_DEVICE_FAMILY = "1,2,7";
				TEST_HOST = "$(BUILT_PRODUCTS_DIR)/SwiftUI-DemoApp.app/$(BUNDLE_EXECUTABLE_FOLDER_PATH)/SwiftUI-DemoApp";
				XROS_DEPLOYMENT_TARGET = 2.4;
			};
			name = Release;
		};
		2A5EB27E2DCF9F5600C34037 /* Debug */ = {
			isa = XCBuildConfiguration;
			buildSettings = {
				CODE_SIGN_STYLE = Automatic;
				CURRENT_PROJECT_VERSION = 1;
				GENERATE_INFOPLIST_FILE = YES;
				IPHONEOS_DEPLOYMENT_TARGET = 18.4;
				MACOSX_DEPLOYMENT_TARGET = 15.3;
				MARKETING_VERSION = 1.0;
				PRODUCT_BUNDLE_IDENTIFIER = "szymi.SwiftUI-DemoAppUITests";
				PRODUCT_NAME = "$(TARGET_NAME)";
				SDKROOT = auto;
				SUPPORTED_PLATFORMS = "iphoneos iphonesimulator macosx xros xrsimulator";
				SWIFT_EMIT_LOC_STRINGS = NO;
				SWIFT_VERSION = 5.0;
				TARGETED_DEVICE_FAMILY = "1,2,7";
				TEST_TARGET_NAME = "SwiftUI-DemoApp";
				XROS_DEPLOYMENT_TARGET = 2.4;
			};
			name = Debug;
		};
		2A5EB27F2DCF9F5600C34037 /* Release */ = {
			isa = XCBuildConfiguration;
			buildSettings = {
				CODE_SIGN_STYLE = Automatic;
				CURRENT_PROJECT_VERSION = 1;
				GENERATE_INFOPLIST_FILE = YES;
				IPHONEOS_DEPLOYMENT_TARGET = 18.4;
				MACOSX_DEPLOYMENT_TARGET = 15.3;
				MARKETING_VERSION = 1.0;
				PRODUCT_BUNDLE_IDENTIFIER = "szymi.SwiftUI-DemoAppUITests";
				PRODUCT_NAME = "$(TARGET_NAME)";
				SDKROOT = auto;
				SUPPORTED_PLATFORMS = "iphoneos iphonesimulator macosx xros xrsimulator";
				SWIFT_EMIT_LOC_STRINGS = NO;
				SWIFT_VERSION = 5.0;
				TARGETED_DEVICE_FAMILY = "1,2,7";
				TEST_TARGET_NAME = "SwiftUI-DemoApp";
				XROS_DEPLOYMENT_TARGET = 2.4;
			};
			name = Release;
		};
/* End XCBuildConfiguration section */

/* Begin XCConfigurationList section */
		2A5EB2502DCF9F5400C34037 /* Build configuration list for PBXProject "SwiftUI-DemoApp" */ = {
			isa = XCConfigurationList;
			buildConfigurations = (
				2A5EB2752DCF9F5600C34037 /* Debug */,
				2A5EB2762DCF9F5600C34037 /* Release */,
			);
			defaultConfigurationIsVisible = 0;
			defaultConfigurationName = Release;
		};
		2A5EB2772DCF9F5600C34037 /* Build configuration list for PBXNativeTarget "SwiftUI-DemoApp" */ = {
			isa = XCConfigurationList;
			buildConfigurations = (
				2A5EB2782DCF9F5600C34037 /* Debug */,
				2A5EB2792DCF9F5600C34037 /* Release */,
			);
			defaultConfigurationIsVisible = 0;
			defaultConfigurationName = Release;
		};
		2A5EB27A2DCF9F5600C34037 /* Build configuration list for PBXNativeTarget "SwiftUI-DemoAppTests" */ = {
			isa = XCConfigurationList;
			buildConfigurations = (
				2A5EB27B2DCF9F5600C34037 /* Debug */,
				2A5EB27C2DCF9F5600C34037 /* Release */,
			);
			defaultConfigurationIsVisible = 0;
			defaultConfigurationName = Release;
		};
		2A5EB27D2DCF9F5600C34037 /* Build configuration list for PBXNativeTarget "SwiftUI-DemoAppUITests" */ = {
			isa = XCConfigurationList;
			buildConfigurations = (
				2A5EB27E2DCF9F5600C34037 /* Debug */,
				2A5EB27F2DCF9F5600C34037 /* Release */,
			);
			defaultConfigurationIsVisible = 0;
			defaultConfigurationName = Release;
		};
/* End XCConfigurationList section */
	};
	rootObject = 2A5EB24D2DCF9F5400C34037 /* Project object */;
}
